lockfileVersion: '6.0'
settings:
  autoInstallPeers: true
  excludeLinksFromLockfile: false
importers:
  .:
    dependencies:
      next:
        specifier: ^14.1.0
        version: 14.1.0
      react:
        specifier: ^18.2.0
        version: 18.2.0
      react-dom:
        specifier: ^18.2.0
        version: 18.2.0
    devDependencies:
      '@types/node':
        specifier: ^20.11.0
        version: 20.11.30
      '@types/react':
        specifier: ^18.2.0
        version: 18.2.64
      '@types/react-dom':
        specifier: ^18.2.0
        version: 18.2.20
      eslint:
        specifier: ^8.56.0
        version: 8.57.0
      eslint-config-next:
        specifier: ^14.1.0
        version: 14.1.4
      typescript:
        specifier: ^5.3.3
        version: 5.4.2
packages: {}
